
Microsoft Visual Studio Solution File, Format Version 12.00
# Visual Studio Version 17
VisualStudioVersion = 17.0.32014.148
MinimumVisualStudioVersion = 10.0.40219.1
Project("{FAE04EC0-301F-11D3-BF4B-00C04F79EFBC}") = "VillageWebApplication", "VillageWebApplication\VillageWebApplication.csproj", "{0D333CCD-027A-4378-B92E-298B73D76450}"
EndProject
Global
	GlobalSection(SolutionConfigurationPlatforms) = preSolution
		Debug|Any CPU = Debug|Any CPU
		Release|Any CPU = Release|Any CPU
	EndGlobalSection
	GlobalSection(ProjectConfigurationPlatforms) = postSolution
		{0D333CCD-027A-4378-B92E-298B73D76450}.Debug|Any CPU.ActiveCfg = Debug|Any CPU
		{0D333CCD-027A-4378-B92E-298B73D76450}.Debug|Any CPU.Build.0 = Debug|Any CPU
		{0D333CCD-027A-4378-B92E-298B73D76450}.Release|Any CPU.ActiveCfg = Release|Any CPU
		{0D333CCD-027A-4378-B92E-298B73D76450}.Release|Any CPU.Build.0 = Release|Any CPU
	EndGlobalSection
	GlobalSection(SolutionProperties) = preSolution
		HideSolutionNode = FALSE
	EndGlobalSection
	GlobalSection(ExtensibilityGlobals) = postSolution
		SolutionGuid = {C27DB12B-9262-4761-B1D2-87DA14F42642}
	EndGlobalSection
EndGlobal
